{
  "name": "formatting",
  "version": "1.0.0",
  "lockfileVersion": 1,
  "requires": true,
  "dependencies": {
    "lodash": {
      "version": "4.17.21",
      "resolved": "https://registry.npmjs.org/lodash/-/lodash-4.17.21.tgz",
      "integrity": "sha512-v2kDEe57lecTulaDIuNTPy3Ry4gLGJ6Z1O3vE1krgXZNrsQ+LFTGHVxVjcXPs17LhbZVGedAJv8XZ1tvj5FvSg=="
    },
    "sanitize": {
      "version": "2.1.0",
      "resolved": "https://registry.npmjs.org/sanitize/-/sanitize-2.1.0.tgz",
      "integrity": "sha512-HLDVriFJnrm6ElDe2E8alAKDMZGMtM8CdKhvunp9592j8hNwZmmsmhk/t6WZbWonKJsHK0OoxH5S1Yoie4sSpw==",
      "requires": {
        "lodash": "^4.17.0",
        "validator": "^3.33.0"
      }
    },
    "validator": {
      "version": "3.43.0",
      "resolved": "https://registry.npmjs.org/validator/-/validator-3.43.0.tgz",
      "integrity": "sha1-lkZLmS1BloM9l6GUv0Cxn/VLrgU="
    }
  }
}
